
Microsoft Visual Studio Solution File, Format Version 12.00
# Visual Studio Version 17
VisualStudioVersion = 17.5.33530.505
MinimumVisualStudioVersion = 10.0.40219.1
Project("{FAE04EC0-301F-11D3-BF4B-00C04F79EFBC}") = "DominandoOB", "DominandoOB\DominandoOB.csproj", "{30381EE7-9B7B-4F11-AFB4-DF828407FDFA}"
EndProject
Global
	GlobalSection(SolutionConfigurationPlatforms) = preSolution
		Debug|Any CPU = Debug|Any CPU
		Release|Any CPU = Release|Any CPU
	EndGlobalSection
	GlobalSection(ProjectConfigurationPlatforms) = postSolution
		{30381EE7-9B7B-4F11-AFB4-DF828407FDFA}.Debug|Any CPU.ActiveCfg = Debug|Any CPU
		{30381EE7-9B7B-4F11-AFB4-DF828407FDFA}.Debug|Any CPU.Build.0 = Debug|Any CPU
		{30381EE7-9B7B-4F11-AFB4-DF828407FDFA}.Release|Any CPU.ActiveCfg = Release|Any CPU
		{30381EE7-9B7B-4F11-AFB4-DF828407FDFA}.Release|Any CPU.Build.0 = Release|Any CPU
	EndGlobalSection
	GlobalSection(SolutionProperties) = preSolution
		HideSolutionNode = FALSE
	EndGlobalSection
	GlobalSection(ExtensibilityGlobals) = postSolution
		SolutionGuid = {3E6B8F23-AEF0-4DF2-B39F-2D2A1B191057}
	EndGlobalSection
EndGlobal
